// !$*UTF8*$!
{
	archiveVersion = 1;
	classes = {
	};
	objectVersion = 42;
	objects = {

/* Begin PBXBuildFile section */
		3D5177490A3E4AA300C14735 /* subwindow.c in Sources */ = {isa = PBXBuildFile; fileRef = 3D51770C0A3E4AA300C14735 /* subwindow.c */; };
		3D51774A0A3E4AA300C14735 /* palettef.c in Sources */ = {isa = PBXBuildFile; fileRef = 3D51770D0A3E4AA300C14735 /* palettef.c */; };
		3D51774B0A3E4AA300C14735 /* interlace.c in Sources */ = {isa = PBXBuildFile; fileRef = 3D51770E0A3E4AA300C14735 /* interlace.c */; };
		3D51774C0A3E4AA300C14735 /* edge2.c in Sources */ = {isa = PBXBuildFile; fileRef = 3D51770F0A3E4AA300C14735 /* edge2.c */; };
		3D51774D0A3E4AA300C14735 /* fractal.c in Sources */ = {isa = PBXBuildFile; fileRef = 3D5177100A3E4AA300C14735 /* fractal.c */; };
		3D51774E0A3E4AA300C14735 /* rotate.c in Sources */ = {isa = PBXBuildFile; fileRef = 3D5177110A3E4AA300C14735 /* rotate.c */; };
		3D51774F0A3E4AA300C14735 /* itersmall.c in Sources */ = {isa = PBXBuildFile; fileRef = 3D5177120A3E4AA300C14735 /* itersmall.c */; };
		3D5177500A3E4AA300C14735 /* blur.c in Sources */ = {isa = PBXBuildFile; fileRef = 3D5177130A3E4AA300C14735 /* blur.c */; };
		3D5177510A3E4AA300C14735 /* anti.c in Sources */ = {isa = PBXBuildFile; fileRef = 3D5177140A3E4AA300C14735 /* anti.c */; };
		3D5177520A3E4AA300C14735 /* stereogram.c in Sources */ = {isa = PBXBuildFile; fileRef = 3D5177150A3E4AA300C14735 /* stereogram.c */; };
		3D5177530A3E4AA300C14735 /* edge.c in Sources */ = {isa = PBXBuildFile; fileRef = 3D5177160A3E4AA300C14735 /* edge.c */; };
		3D5177540A3E4AA300C14735 /* zoom.c in Sources */ = {isa = PBXBuildFile; fileRef = 3D5177170A3E4AA300C14735 /* zoom.c */; };
		3D5177550A3E4AA300C14735 /* star.c in Sources */ = {isa = PBXBuildFile; fileRef = 3D5177180A3E4AA300C14735 /* star.c */; };
		3D5177560A3E4AA300C14735 /* formulas.c in Sources */ = {isa = PBXBuildFile; fileRef = 3D5177190A3E4AA300C14735 /* formulas.c */; };
		3D5177570A3E4AA300C14735 /* emboss.c in Sources */ = {isa = PBXBuildFile; fileRef = 3D51771A0A3E4AA300C14735 /* emboss.c */; };
		3D5177580A3E4AA300C14735 /* julia.c in Sources */ = {isa = PBXBuildFile; fileRef = 3D51771B0A3E4AA300C14735 /* julia.c */; };
		3D5177590A3E4AA300C14735 /* btrace.c in Sources */ = {isa = PBXBuildFile; fileRef = 3D51771C0A3E4AA300C14735 /* btrace.c */; };
		3D51775A0A3E4AA300C14735 /* i386.c in Sources */ = {isa = PBXBuildFile; fileRef = 3D51771D0A3E4AA300C14735 /* i386.c */; };
		3D51775B0A3E4AA300C14735 /* dither.c in Sources */ = {isa = PBXBuildFile; fileRef = 3D51771E0A3E4AA300C14735 /* dither.c */; };
		3D51775C0A3E4AA300C14735 /* 3d.c in Sources */ = {isa = PBXBuildFile; fileRef = 3D51771F0A3E4AA300C14735 /* 3d.c */; };
		3D51775D0A3E4AA300C14735 /* plane.c in Sources */ = {isa = PBXBuildFile; fileRef = 3D5177200A3E4AA300C14735 /* plane.c */; };
		3D51775E0A3E4AA300C14735 /* filter.c in Sources */ = {isa = PBXBuildFile; fileRef = 3D5177220A3E4AA300C14735 /* filter.c */; };
		3D51775F0A3E4AA300C14735 /* palette.c in Sources */ = {isa = PBXBuildFile; fileRef = 3D5177230A3E4AA300C14735 /* palette.c */; };
		3D5177600A3E4AA300C14735 /* random.c in Sources */ = {isa = PBXBuildFile; fileRef = 3D5177240A3E4AA300C14735 /* random.c */; };
		3D5177610A3E4AA300C14735 /* grlib.c in Sources */ = {isa = PBXBuildFile; fileRef = 3D5177250A3E4AA300C14735 /* grlib.c */; };
		3D5177620A3E4AA300C14735 /* font.c in Sources */ = {isa = PBXBuildFile; fileRef = 3D5177260A3E4AA300C14735 /* font.c */; };
		3D5177630A3E4AA300C14735 /* image.c in Sources */ = {isa = PBXBuildFile; fileRef = 3D5177270A3E4AA300C14735 /* image.c */; };
		3D5177640A3E4AA300C14735 /* drivers.c in Sources */ = {isa = PBXBuildFile; fileRef = 3D5177290A3E4AA300C14735 /* drivers.c */; };
		3D5177650A3E4AA300C14735 /* dialog.c in Sources */ = {isa = PBXBuildFile; fileRef = 3D51772A0A3E4AA300C14735 /* dialog.c */; };
		3D5177660A3E4AA300C14735 /* uihelp.c in Sources */ = {isa = PBXBuildFile; fileRef = 3D51772B0A3E4AA300C14735 /* uihelp.c */; };
		3D5177670A3E4AA300C14735 /* uimenu.c in Sources */ = {isa = PBXBuildFile; fileRef = 3D51772C0A3E4AA300C14735 /* uimenu.c */; };
		3D5177680A3E4AA300C14735 /* fparams.c in Sources */ = {isa = PBXBuildFile; fileRef = 3D51772D0A3E4AA300C14735 /* fparams.c */; };
		3D5177690A3E4AA300C14735 /* ui.c in Sources */ = {isa = PBXBuildFile; fileRef = 3D51772E0A3E4AA300C14735 /* ui.c */; };
		3D51776A0A3E4AA300C14735 /* param.c in Sources */ = {isa = PBXBuildFile; fileRef = 3D51772F0A3E4AA300C14735 /* param.c */; };
		3D51776B0A3E4AA300C14735 /* filesel.c in Sources */ = {isa = PBXBuildFile; fileRef = 3D5177300A3E4AA300C14735 /* filesel.c */; };
		3D51776C0A3E4AA300C14735 /* pipecmd.c in Sources */ = {isa = PBXBuildFile; fileRef = 3D5177310A3E4AA300C14735 /* pipecmd.c */; };
		3D51776D0A3E4AA300C14735 /* save.c in Sources */ = {isa = PBXBuildFile; fileRef = 3D5177330A3E4AA300C14735 /* save.c */; };
		3D51776E0A3E4AA300C14735 /* menu.c in Sources */ = {isa = PBXBuildFile; fileRef = 3D5177340A3E4AA300C14735 /* menu.c */; };
		3D51776F0A3E4AA300C14735 /* wstack.c in Sources */ = {isa = PBXBuildFile; fileRef = 3D5177350A3E4AA300C14735 /* wstack.c */; };
		3D5177700A3E4AA300C14735 /* playtext.c in Sources */ = {isa = PBXBuildFile; fileRef = 3D5177360A3E4AA300C14735 /* playtext.c */; };
		3D5177710A3E4AA300C14735 /* render.c in Sources */ = {isa = PBXBuildFile; fileRef = 3D5177370A3E4AA300C14735 /* render.c */; };
		3D5177720A3E4AA300C14735 /* play.c in Sources */ = {isa = PBXBuildFile; fileRef = 3D5177380A3E4AA300C14735 /* play.c */; };
		3D5177730A3E4AA300C14735 /* messg.c in Sources */ = {isa = PBXBuildFile; fileRef = 3D5177390A3E4AA300C14735 /* messg.c */; };
		3D5177740A3E4AA300C14735 /* ui_helper.c in Sources */ = {isa = PBXBuildFile; fileRef = 3D51773A0A3E4AA300C14735 /* ui_helper.c */; };
		3D5177750A3E4AA300C14735 /* autopilot.c in Sources */ = {isa = PBXBuildFile; fileRef = 3D51773B0A3E4AA300C14735 /* autopilot.c */; };
		3D5177760A3E4AA300C14735 /* xmenu.c in Sources */ = {isa = PBXBuildFile; fileRef = 3D51773D0A3E4AA300C14735 /* xmenu.c */; };
		3D5177770A3E4AA300C14735 /* png.c in Sources */ = {isa = PBXBuildFile; fileRef = 3D51773E0A3E4AA300C14735 /* png.c */; };
		3D5177780A3E4AA300C14735 /* xstring.c in Sources */ = {isa = PBXBuildFile; fileRef = 3D51773F0A3E4AA300C14735 /* xstring.c */; };
		3D5177790A3E4AA300C14735 /* xshl.c in Sources */ = {isa = PBXBuildFile; fileRef = 3D5177400A3E4AA300C14735 /* xshl.c */; };
		3D51777A0A3E4AA300C14735 /* xldio.c in Sources */ = {isa = PBXBuildFile; fileRef = 3D5177410A3E4AA300C14735 /* xldio.c */; };
		3D51777B0A3E4AA300C14735 /* help.c in Sources */ = {isa = PBXBuildFile; fileRef = 3D5177420A3E4AA300C14735 /* help.c */; };
		3D51777C0A3E4AA300C14735 /* xerror.c in Sources */ = {isa = PBXBuildFile; fileRef = 3D5177430A3E4AA300C14735 /* xerror.c */; };
		3D51777D0A3E4AA300C14735 /* thread.c in Sources */ = {isa = PBXBuildFile; fileRef = 3D5177440A3E4AA300C14735 /* thread.c */; };
		3D51777E0A3E4AA300C14735 /* timers.c in Sources */ = {isa = PBXBuildFile; fileRef = 3D5177450A3E4AA300C14735 /* timers.c */; };
		3D51777F0A3E4AA300C14735 /* be_thread.c in Sources */ = {isa = PBXBuildFile; fileRef = 3D5177460A3E4AA300C14735 /* be_thread.c */; };
		3D5177810A3E4AA300C14735 /* catalog.c in Sources */ = {isa = PBXBuildFile; fileRef = 3D5177480A3E4AA300C14735 /* catalog.c */; };
		3D5177870A3E4ADF00C14735 /* ui_osx.c in Sources */ = {isa = PBXBuildFile; fileRef = 3D5177850A3E4ADF00C14735 /* ui_osx.c */; };
		3D5738DF0A42373E009A2F5F /* XaoS.icns in Resources */ = {isa = PBXBuildFile; fileRef = 3D5738DE0A42373E009A2F5F /* XaoS.icns */; };
		3DF0013C0A3F992C007A00AB /* osxevents.c in Sources */ = {isa = PBXBuildFile; fileRef = 3DF0013B0A3F992C007A00AB /* osxevents.c */; };
		3DF002E60A40ED0E007A00AB /* osxmenus.c in Sources */ = {isa = PBXBuildFile; fileRef = 3DF002E50A40ED0E007A00AB /* osxmenus.c */; };
		8D0C4E8D0486CD37000505A6 /* InfoPlist.strings in Resources */ = {isa = PBXBuildFile; fileRef = 0867D6AAFE840B52C02AAC07 /* InfoPlist.strings */; };
		8D0C4E920486CD37000505A6 /* Carbon.framework in Frameworks */ = {isa = PBXBuildFile; fileRef = 20286C33FDCF999611CA2CEA /* Carbon.framework */; };
		D9218A070D81124200432768 /* libpng.dylib in Copy Embedded Frameworks */ = {isa = PBXBuildFile; fileRef = D9218A060D81124200432768 /* libpng.dylib */; };
		D9218A0D0D81128A00432768 /* libpng.dylib in Frameworks */ = {isa = PBXBuildFile; fileRef = D9218A060D81124200432768 /* libpng.dylib */; };
		D9218A1D0D81131400432768 /* cmplx.asm in Sources */ = {isa = PBXBuildFile; fileRef = D9218A150D81131400432768 /* cmplx.asm */; };
		D9218A1F0D81131400432768 /* sffe.c in Sources */ = {isa = PBXBuildFile; fileRef = D9218A170D81131400432768 /* sffe.c */; };
		D9218A200D81131400432768 /* sffe_cmplx_asm.c in Sources */ = {isa = PBXBuildFile; fileRef = D9218A180D81131400432768 /* sffe_cmplx_asm.c */; };
		D9218A210D81131400432768 /* sffe_cmplx_gsl.c in Sources */ = {isa = PBXBuildFile; fileRef = D9218A190D81131400432768 /* sffe_cmplx_gsl.c */; };
		D96C30280D83AF2800C9357A /* libgsl.dylib in Copy Embedded Frameworks */ = {isa = PBXBuildFile; fileRef = D96C30270D83AF2800C9357A /* libgsl.dylib */; };
		D96C30300D83B14100C9357A /* libgsl.dylib in Frameworks */ = {isa = PBXBuildFile; fileRef = D96C30270D83AF2800C9357A /* libgsl.dylib */; };
		D96C30A20D84EDC200C9357A /* COPYING in Copy Distribution Docs */ = {isa = PBXBuildFile; fileRef = D96C309F0D84ED6900C9357A /* COPYING */; };
		D96C30A30D84EDC200C9357A /* Read Me.rtf in Copy Distribution Docs */ = {isa = PBXBuildFile; fileRef = D96C309E0D84ECE900C9357A /* Read Me.rtf */; };
		D98E99C50D879CD300E32031 /* xstdio.c in Sources */ = {isa = PBXBuildFile; fileRef = D98E99C40D879CD300E32031 /* xstdio.c */; };
/* End PBXBuildFile section */

/* Begin PBXCopyFilesBuildPhase section */
		D9218A090D81128300432768 /* Copy Embedded Frameworks */ = {
			isa = PBXCopyFilesBuildPhase;
			buildActionMask = 2147483647;
			dstPath = "";
			dstSubfolderSpec = 10;
			files = (
				D9218A070D81124200432768 /* libpng.dylib in Copy Embedded Frameworks */,
				D96C30280D83AF2800C9357A /* libgsl.dylib in Copy Embedded Frameworks */,
			);
			name = "Copy Embedded Frameworks";
			runOnlyForDeploymentPostprocessing = 0;
		};
		D96C30A50D84EDE200C9357A /* Copy Distribution Docs */ = {
			isa = PBXCopyFilesBuildPhase;
			buildActionMask = 2147483647;
			dstPath = "";
			dstSubfolderSpec = 16;
			files = (
				D96C30A20D84EDC200C9357A /* COPYING in Copy Distribution Docs */,
				D96C30A30D84EDC200C9357A /* Read Me.rtf in Copy Distribution Docs */,
			);
			name = "Copy Distribution Docs";
			runOnlyForDeploymentPostprocessing = 0;
		};
/* End PBXCopyFilesBuildPhase section */

/* Begin PBXFileReference section */
		0867D6ABFE840B52C02AAC07 /* English */ = {isa = PBXFileReference; fileEncoding = 10; lastKnownFileType = text.plist.strings; name = English; path = English.lproj/InfoPlist.strings; sourceTree = "<group>"; };
		20286C33FDCF999611CA2CEA /* Carbon.framework */ = {isa = PBXFileReference; lastKnownFileType = wrapper.framework; name = Carbon.framework; path = /System/Library/Frameworks/Carbon.framework; sourceTree = "<absolute>"; };
		32DBCF6D0370B57F00C91783 /* XaoS_Prefix.pch */ = {isa = PBXFileReference; fileEncoding = 4; lastKnownFileType = sourcecode.c.h; path = XaoS_Prefix.pch; sourceTree = "<group>"; };
		3D51770C0A3E4AA300C14735 /* subwindow.c */ = {isa = PBXFileReference; fileEncoding = 30; lastKnownFileType = sourcecode.c.c; name = subwindow.c; path = ../../../engine/subwindow.c; sourceTree = SOURCE_ROOT; };
		3D51770D0A3E4AA300C14735 /* palettef.c */ = {isa = PBXFileReference; fileEncoding = 30; lastKnownFileType = sourcecode.c.c; name = palettef.c; path = ../../../engine/palettef.c; sourceTree = SOURCE_ROOT; };
		3D51770E0A3E4AA300C14735 /* interlace.c */ = {isa = PBXFileReference; fileEncoding = 30; lastKnownFileType = sourcecode.c.c; name = interlace.c; path = ../../../engine/interlace.c; sourceTree = SOURCE_ROOT; };
		3D51770F0A3E4AA300C14735 /* edge2.c */ = {isa = PBXFileReference; fileEncoding = 30; lastKnownFileType = sourcecode.c.c; name = edge2.c; path = ../../../engine/edge2.c; sourceTree = SOURCE_ROOT; };
		3D5177100A3E4AA300C14735 /* fractal.c */ = {isa = PBXFileReference; fileEncoding = 30; lastKnownFileType = sourcecode.c.c; name = fractal.c; path = ../../../engine/fractal.c; sourceTree = SOURCE_ROOT; };
		3D5177110A3E4AA300C14735 /* rotate.c */ = {isa = PBXFileReference; fileEncoding = 30; lastKnownFileType = sourcecode.c.c; name = rotate.c; path = ../../../engine/rotate.c; sourceTree = SOURCE_ROOT; };
		3D5177120A3E4AA300C14735 /* itersmall.c */ = {isa = PBXFileReference; fileEncoding = 30; lastKnownFileType = sourcecode.c.c; name = itersmall.c; path = ../../../engine/itersmall.c; sourceTree = SOURCE_ROOT; };
		3D5177130A3E4AA300C14735 /* blur.c */ = {isa = PBXFileReference; fileEncoding = 30; lastKnownFileType = sourcecode.c.c; name = blur.c; path = ../../../engine/blur.c; sourceTree = SOURCE_ROOT; };
		3D5177140A3E4AA300C14735 /* anti.c */ = {isa = PBXFileReference; fileEncoding = 30; lastKnownFileType = sourcecode.c.c; name = anti.c; path = ../../../engine/anti.c; sourceTree = SOURCE_ROOT; };
		3D5177150A3E4AA300C14735 /* stereogram.c */ = {isa = PBXFileReference; fileEncoding = 30; lastKnownFileType = sourcecode.c.c; name = stereogram.c; path = ../../../engine/stereogram.c; sourceTree = SOURCE_ROOT; };
		3D5177160A3E4AA300C14735 /* edge.c */ = {isa = PBXFileReference; fileEncoding = 30; lastKnownFileType = sourcecode.c.c; name = edge.c; path = ../../../engine/edge.c; sourceTree = SOURCE_ROOT; };
		3D5177170A3E4AA300C14735 /* zoom.c */ = {isa = PBXFileReference; fileEncoding = 30; lastKnownFileType = sourcecode.c.c; name = zoom.c; path = ../../../engine/zoom.c; sourceTree = SOURCE_ROOT; };
		3D5177180A3E4AA300C14735 /* star.c */ = {isa = PBXFileReference; fileEncoding = 30; lastKnownFileType = sourcecode.c.c; name = star.c; path = ../../../engine/star.c; sourceTree = SOURCE_ROOT; };
		3D5177190A3E4AA300C14735 /* formulas.c */ = {isa = PBXFileReference; fileEncoding = 30; lastKnownFileType = sourcecode.c.c; name = formulas.c; path = ../../../engine/formulas.c; sourceTree = SOURCE_ROOT; };
		3D51771A0A3E4AA300C14735 /* emboss.c */ = {isa = PBXFileReference; fileEncoding = 30; lastKnownFileType = sourcecode.c.c; name = emboss.c; path = ../../../engine/emboss.c; sourceTree = SOURCE_ROOT; };
		3D51771B0A3E4AA300C14735 /* julia.c */ = {isa = PBXFileReference; fileEncoding = 30; lastKnownFileType = sourcecode.c.c; name = julia.c; path = ../../../engine/julia.c; sourceTree = SOURCE_ROOT; };
		3D51771C0A3E4AA300C14735 /* btrace.c */ = {isa = PBXFileReference; fileEncoding = 30; lastKnownFileType = sourcecode.c.c; name = btrace.c; path = ../../../engine/btrace.c; sourceTree = SOURCE_ROOT; };
		3D51771D0A3E4AA300C14735 /* i386.c */ = {isa = PBXFileReference; fileEncoding = 30; lastKnownFileType = sourcecode.c.c; name = i386.c; path = ../../../engine/i386.c; sourceTree = SOURCE_ROOT; };
		3D51771E0A3E4AA300C14735 /* dither.c */ = {isa = PBXFileReference; fileEncoding = 30; lastKnownFileType = sourcecode.c.c; name = dither.c; path = ../../../engine/dither.c; sourceTree = SOURCE_ROOT; };
		3D51771F0A3E4AA300C14735 /* 3d.c */ = {isa = PBXFileReference; fileEncoding = 30; lastKnownFileType = sourcecode.c.c; name = 3d.c; path = ../../../engine/3d.c; sourceTree = SOURCE_ROOT; };
		3D5177200A3E4AA300C14735 /* plane.c */ = {isa = PBXFileReference; fileEncoding = 30; lastKnownFileType = sourcecode.c.c; name = plane.c; path = ../../../engine/plane.c; sourceTree = SOURCE_ROOT; };
		3D5177220A3E4AA300C14735 /* filter.c */ = {isa = PBXFileReference; fileEncoding = 30; lastKnownFileType = sourcecode.c.c; name = filter.c; path = ../../../filter/filter.c; sourceTree = SOURCE_ROOT; };
		3D5177230A3E4AA300C14735 /* palette.c */ = {isa = PBXFileReference; fileEncoding = 30; lastKnownFileType = sourcecode.c.c; name = palette.c; path = ../../../filter/palette.c; sourceTree = SOURCE_ROOT; };
		3D5177240A3E4AA300C14735 /* random.c */ = {isa = PBXFileReference; fileEncoding = 30; lastKnownFileType = sourcecode.c.c; name = random.c; path = ../../../filter/random.c; sourceTree = SOURCE_ROOT; };
		3D5177250A3E4AA300C14735 /* grlib.c */ = {isa = PBXFileReference; fileEncoding = 30; lastKnownFileType = sourcecode.c.c; name = grlib.c; path = ../../../filter/grlib.c; sourceTree = SOURCE_ROOT; };
		3D5177260A3E4AA300C14735 /* font.c */ = {isa = PBXFileReference; fileEncoding = 30; lastKnownFileType = sourcecode.c.c; name = font.c; path = ../../../filter/font.c; sourceTree = SOURCE_ROOT; };
		3D5177270A3E4AA300C14735 /* image.c */ = {isa = PBXFileReference; fileEncoding = 30; lastKnownFileType = sourcecode.c.c; name = image.c; path = ../../../filter/image.c; sourceTree = SOURCE_ROOT; };
		3D5177290A3E4AA300C14735 /* drivers.c */ = {isa = PBXFileReference; fileEncoding = 30; lastKnownFileType = sourcecode.c.c; name = drivers.c; path = ../../drivers.c; sourceTree = SOURCE_ROOT; };
		3D51772A0A3E4AA300C14735 /* dialog.c */ = {isa = PBXFileReference; fileEncoding = 30; lastKnownFileType = sourcecode.c.c; name = dialog.c; path = ../../dialog.c; sourceTree = SOURCE_ROOT; };
		3D51772B0A3E4AA300C14735 /* uihelp.c */ = {isa = PBXFileReference; fileEncoding = 30; lastKnownFileType = sourcecode.c.c; name = uihelp.c; path = ../../uihelp.c; sourceTree = SOURCE_ROOT; };
		3D51772C0A3E4AA300C14735 /* uimenu.c */ = {isa = PBXFileReference; fileEncoding = 30; lastKnownFileType = sourcecode.c.c; name = uimenu.c; path = ../../uimenu.c; sourceTree = SOURCE_ROOT; };
		3D51772D0A3E4AA300C14735 /* fparams.c */ = {isa = PBXFileReference; fileEncoding = 30; lastKnownFileType = sourcecode.c.c; name = fparams.c; path = ../../fparams.c; sourceTree = SOURCE_ROOT; };
		3D51772E0A3E4AA300C14735 /* ui.c */ = {isa = PBXFileReference; fileEncoding = 30; lastKnownFileType = sourcecode.c.c; name = ui.c; path = ../../ui.c; sourceTree = SOURCE_ROOT; };
		3D51772F0A3E4AA300C14735 /* param.c */ = {isa = PBXFileReference; fileEncoding = 30; lastKnownFileType = sourcecode.c.c; name = param.c; path = ../../param.c; sourceTree = SOURCE_ROOT; };
		3D5177300A3E4AA300C14735 /* filesel.c */ = {isa = PBXFileReference; fileEncoding = 30; lastKnownFileType = sourcecode.c.c; name = filesel.c; path = ../../filesel.c; sourceTree = SOURCE_ROOT; };
		3D5177310A3E4AA300C14735 /* pipecmd.c */ = {isa = PBXFileReference; fileEncoding = 30; lastKnownFileType = sourcecode.c.c; name = pipecmd.c; path = ../../pipecmd.c; sourceTree = SOURCE_ROOT; };
		3D5177330A3E4AA300C14735 /* save.c */ = {isa = PBXFileReference; fileEncoding = 30; lastKnownFileType = sourcecode.c.c; name = save.c; path = "../../../ui-hlp/save.c"; sourceTree = SOURCE_ROOT; };
		3D5177340A3E4AA300C14735 /* menu.c */ = {isa = PBXFileReference; fileEncoding = 30; lastKnownFileType = sourcecode.c.c; name = menu.c; path = "../../../ui-hlp/menu.c"; sourceTree = SOURCE_ROOT; };
		3D5177350A3E4AA300C14735 /* wstack.c */ = {isa = PBXFileReference; fileEncoding = 30; lastKnownFileType = sourcecode.c.c; name = wstack.c; path = "../../../ui-hlp/wstack.c"; sourceTree = SOURCE_ROOT; };
		3D5177360A3E4AA300C14735 /* playtext.c */ = {isa = PBXFileReference; fileEncoding = 30; lastKnownFileType = sourcecode.c.c; name = playtext.c; path = "../../../ui-hlp/playtext.c"; sourceTree = SOURCE_ROOT; };
		3D5177370A3E4AA300C14735 /* render.c */ = {isa = PBXFileReference; fileEncoding = 30; lastKnownFileType = sourcecode.c.c; name = render.c; path = "../../../ui-hlp/render.c"; sourceTree = SOURCE_ROOT; };
		3D5177380A3E4AA300C14735 /* play.c */ = {isa = PBXFileReference; fileEncoding = 30; lastKnownFileType = sourcecode.c.c; name = play.c; path = "../../../ui-hlp/play.c"; sourceTree = SOURCE_ROOT; };
		3D5177390A3E4AA300C14735 /* messg.c */ = {isa = PBXFileReference; fileEncoding = 30; lastKnownFileType = sourcecode.c.c; name = messg.c; path = "../../../ui-hlp/messg.c"; sourceTree = SOURCE_ROOT; };
		3D51773A0A3E4AA300C14735 /* ui_helper.c */ = {isa = PBXFileReference; fileEncoding = 30; lastKnownFileType = sourcecode.c.c; name = ui_helper.c; path = "../../../ui-hlp/ui_helper.c"; sourceTree = SOURCE_ROOT; };
		3D51773B0A3E4AA300C14735 /* autopilot.c */ = {isa = PBXFileReference; fileEncoding = 30; lastKnownFileType = sourcecode.c.c; name = autopilot.c; path = "../../../ui-hlp/autopilot.c"; sourceTree = SOURCE_ROOT; };
		3D51773D0A3E4AA300C14735 /* xmenu.c */ = {isa = PBXFileReference; fileEncoding = 30; lastKnownFileType = sourcecode.c.c; name = xmenu.c; path = ../../../util/xmenu.c; sourceTree = SOURCE_ROOT; };
		3D51773E0A3E4AA300C14735 /* png.c */ = {isa = PBXFileReference; fileEncoding = 30; lastKnownFileType = sourcecode.c.c; name = png.c; path = ../../../util/png.c; sourceTree = SOURCE_ROOT; };
		3D51773F0A3E4AA300C14735 /* xstring.c */ = {isa = PBXFileReference; fileEncoding = 30; lastKnownFileType = sourcecode.c.c; name = xstring.c; path = ../../../util/xstring.c; sourceTree = SOURCE_ROOT; };
		3D5177400A3E4AA300C14735 /* xshl.c */ = {isa = PBXFileReference; fileEncoding = 30; lastKnownFileType = sourcecode.c.c; name = xshl.c; path = ../../../util/xshl.c; sourceTree = SOURCE_ROOT; };
		3D5177410A3E4AA300C14735 /* xldio.c */ = {isa = PBXFileReference; fileEncoding = 30; lastKnownFileType = sourcecode.c.c; name = xldio.c; path = ../../../util/xldio.c; sourceTree = SOURCE_ROOT; };
		3D5177420A3E4AA300C14735 /* help.c */ = {isa = PBXFileReference; fileEncoding = 30; lastKnownFileType = sourcecode.c.c; name = help.c; path = ../../../util/help.c; sourceTree = SOURCE_ROOT; };
		3D5177430A3E4AA300C14735 /* xerror.c */ = {isa = PBXFileReference; fileEncoding = 30; lastKnownFileType = sourcecode.c.c; name = xerror.c; path = ../../../util/xerror.c; sourceTree = SOURCE_ROOT; };
		3D5177440A3E4AA300C14735 /* thread.c */ = {isa = PBXFileReference; fileEncoding = 30; lastKnownFileType = sourcecode.c.c; name = thread.c; path = ../../../util/thread.c; sourceTree = SOURCE_ROOT; };
		3D5177450A3E4AA300C14735 /* timers.c */ = {isa = PBXFileReference; fileEncoding = 30; lastKnownFileType = sourcecode.c.c; name = timers.c; path = ../../../util/timers.c; sourceTree = SOURCE_ROOT; };
		3D5177460A3E4AA300C14735 /* be_thread.c */ = {isa = PBXFileReference; fileEncoding = 30; lastKnownFileType = sourcecode.c.c; name = be_thread.c; path = ../../../util/be_thread.c; sourceTree = SOURCE_ROOT; };
		3D5177480A3E4AA300C14735 /* catalog.c */ = {isa = PBXFileReference; fileEncoding = 30; lastKnownFileType = sourcecode.c.c; name = catalog.c; path = ../../../util/catalog.c; sourceTree = SOURCE_ROOT; };
		3D5177850A3E4ADF00C14735 /* ui_osx.c */ = {isa = PBXFileReference; fileEncoding = 30; lastKnownFileType = sourcecode.c.c; path = ui_osx.c; sourceTree = "<group>"; };
		3D5738DE0A42373E009A2F5F /* XaoS.icns */ = {isa = PBXFileReference; lastKnownFileType = image.icns; path = XaoS.icns; sourceTree = "<group>"; };
		3D573A9F0A42613A009A2F5F /* ChangeLog.txt */ = {isa = PBXFileReference; fileEncoding = 30; lastKnownFileType = text; path = ChangeLog.txt; sourceTree = "<group>"; };
		3DE4FE6A0A7AE0AE00491C86 /* HowToBuild.txt */ = {isa = PBXFileReference; fileEncoding = 4; lastKnownFileType = text; path = HowToBuild.txt; sourceTree = "<group>"; };
		3DF0013A0A3F992C007A00AB /* osxcommon.h */ = {isa = PBXFileReference; fileEncoding = 4; lastKnownFileType = sourcecode.c.h; path = osxcommon.h; sourceTree = "<group>"; };
		3DF0013B0A3F992C007A00AB /* osxevents.c */ = {isa = PBXFileReference; fileEncoding = 4; lastKnownFileType = sourcecode.c.c; path = osxevents.c; sourceTree = "<group>"; };
		3DF002E50A40ED0E007A00AB /* osxmenus.c */ = {isa = PBXFileReference; fileEncoding = 30; lastKnownFileType = sourcecode.c.c; path = osxmenus.c; sourceTree = "<group>"; };
		4A9504C8FFE6A3BC11CA0CBA /* ApplicationServices.framework */ = {isa = PBXFileReference; lastKnownFileType = wrapper.framework; name = ApplicationServices.framework; path = /System/Library/Frameworks/ApplicationServices.framework; sourceTree = "<absolute>"; };
		4A9504CAFFE6A41611CA0CBA /* CoreServices.framework */ = {isa = PBXFileReference; lastKnownFileType = wrapper.framework; name = CoreServices.framework; path = /System/Library/Frameworks/CoreServices.framework; sourceTree = "<absolute>"; };
		8D0C4E960486CD37000505A6 /* Info.plist */ = {isa = PBXFileReference; fileEncoding = 4; lastKnownFileType = text.plist; path = Info.plist; sourceTree = "<group>"; };
		8D0C4E970486CD37000505A6 /* XaoS.app */ = {isa = PBXFileReference; explicitFileType = wrapper.application; includeInIndex = 0; path = XaoS.app; sourceTree = BUILT_PRODUCTS_DIR; };
		D9218A060D81124200432768 /* libpng.dylib */ = {isa = PBXFileReference; lastKnownFileType = "compiled.mach-o.dylib"; path = libpng.dylib; sourceTree = "<group>"; };
		D9218A150D81131400432768 /* cmplx.asm */ = {isa = PBXFileReference; explicitFileType = sourcecode.nasm; fileEncoding = 4; path = cmplx.asm; sourceTree = "<group>"; };
		D9218A170D81131400432768 /* sffe.c */ = {isa = PBXFileReference; fileEncoding = 4; lastKnownFileType = sourcecode.c.c; path = sffe.c; sourceTree = "<group>"; };
		D9218A180D81131400432768 /* sffe_cmplx_asm.c */ = {isa = PBXFileReference; fileEncoding = 4; lastKnownFileType = sourcecode.c.c; path = sffe_cmplx_asm.c; sourceTree = "<group>"; };
		D9218A190D81131400432768 /* sffe_cmplx_gsl.c */ = {isa = PBXFileReference; fileEncoding = 4; lastKnownFileType = sourcecode.c.c; path = sffe_cmplx_gsl.c; sourceTree = "<group>"; };
		D9218A2E0D8115D400432768 /* aconfig.h */ = {isa = PBXFileReference; fileEncoding = 4; lastKnownFileType = sourcecode.c.h; path = aconfig.h; sourceTree = "<group>"; };
		D96C30270D83AF2800C9357A /* libgsl.dylib */ = {isa = PBXFileReference; lastKnownFileType = "compiled.mach-o.dylib"; path = libgsl.dylib; sourceTree = "<group>"; };
		D96C309E0D84ECE900C9357A /* Read Me.rtf */ = {isa = PBXFileReference; lastKnownFileType = text.rtf; path = "Read Me.rtf"; sourceTree = "<group>"; };
		D96C309F0D84ED6900C9357A /* COPYING */ = {isa = PBXFileReference; fileEncoding = 4; lastKnownFileType = text; name = COPYING; path = ../../../../COPYING; sourceTree = SOURCE_ROOT; };
		D98E99C40D879CD300E32031 /* xstdio.c */ = {isa = PBXFileReference; fileEncoding = 4; lastKnownFileType = sourcecode.c.c; name = xstdio.c; path = ../../../../../XaoS.bak2/src/util/xstdio.c; sourceTree = SOURCE_ROOT; };
		D98E99DD0D879F1200E32031 /* version.h */ = {isa = PBXFileReference; fileEncoding = 4; lastKnownFileType = sourcecode.c.h; path = version.h; sourceTree = "<group>"; };
/* End PBXFileReference section */

/* Begin PBXFrameworksBuildPhase section */
		8D0C4E910486CD37000505A6 /* Frameworks */ = {
			isa = PBXFrameworksBuildPhase;
			buildActionMask = 2147483647;
			files = (
				8D0C4E920486CD37000505A6 /* Carbon.framework in Frameworks */,
				D9218A0D0D81128A00432768 /* libpng.dylib in Frameworks */,
				D96C30300D83B14100C9357A /* libgsl.dylib in Frameworks */,
			);
			runOnlyForDeploymentPostprocessing = 0;
		};
/* End PBXFrameworksBuildPhase section */

/* Begin PBXGroup section */
		195DF8CFFE9D517E11CA2CBB /* Products */ = {
			isa = PBXGroup;
			children = (
				8D0C4E970486CD37000505A6 /* XaoS.app */,
			);
			name = Products;
			sourceTree = "<group>";
		};
		20286C29FDCF999611CA2CEA /* XaoS */ = {
			isa = PBXGroup;
			children = (
				3D573A9E0A42612F009A2F5F /* Documents */,
				20286C2AFDCF999611CA2CEA /* Sources */,
				3D5176F00A3E4A3300C14735 /* Common Sources */,
				20286C2CFDCF999611CA2CEA /* Resources */,
				D936E87C0BFE756F0011C818 /* Embedded Frameworks and Libraries */,
				20286C32FDCF999611CA2CEA /* External Frameworks and Libraries */,
				195DF8CFFE9D517E11CA2CBB /* Products */,
			);
			name = XaoS;
			sourceTree = "<group>";
		};
		20286C2AFDCF999611CA2CEA /* Sources */ = {
			isa = PBXGroup;
			children = (
				32DBCF6D0370B57F00C91783 /* XaoS_Prefix.pch */,
				D9218A2E0D8115D400432768 /* aconfig.h */,
				D98E99DD0D879F1200E32031 /* version.h */,
				3DF0013A0A3F992C007A00AB /* osxcommon.h */,
				3D5177850A3E4ADF00C14735 /* ui_osx.c */,
				3DF0013B0A3F992C007A00AB /* osxevents.c */,
				3DF002E50A40ED0E007A00AB /* osxmenus.c */,
			);
			name = Sources;
			sourceTree = "<group>";
		};
		20286C2CFDCF999611CA2CEA /* Resources */ = {
			isa = PBXGroup;
			children = (
				3D5738DE0A42373E009A2F5F /* XaoS.icns */,
				8D0C4E960486CD37000505A6 /* Info.plist */,
				0867D6AAFE840B52C02AAC07 /* InfoPlist.strings */,
			);
			name = Resources;
			sourceTree = "<group>";
		};
		20286C32FDCF999611CA2CEA /* External Frameworks and Libraries */ = {
			isa = PBXGroup;
			children = (
				20286C33FDCF999611CA2CEA /* Carbon.framework */,
				4A9504CAFFE6A41611CA0CBA /* CoreServices.framework */,
				4A9504C8FFE6A3BC11CA0CBA /* ApplicationServices.framework */,
			);
			name = "External Frameworks and Libraries";
			sourceTree = "<group>";
		};
		3D5176F00A3E4A3300C14735 /* Common Sources */ = {
			isa = PBXGroup;
			children = (
				D9218A100D81131400432768 /* sffe */,
				3D51773C0A3E4AA300C14735 /* util */,
				3D5177320A3E4AA300C14735 /* ui-hlp */,
				3D5177280A3E4AA300C14735 /* ui */,
				3D5177210A3E4AA300C14735 /* filter */,
				3D51770B0A3E4AA300C14735 /* engine */,
			);
			name = "Common Sources";
			sourceTree = "<group>";
		};
		3D51770B0A3E4AA300C14735 /* engine */ = {
			isa = PBXGroup;
			children = (
				3D51770C0A3E4AA300C14735 /* subwindow.c */,
				3D51770D0A3E4AA300C14735 /* palettef.c */,
				3D51770E0A3E4AA300C14735 /* interlace.c */,
				3D51770F0A3E4AA300C14735 /* edge2.c */,
				3D5177100A3E4AA300C14735 /* fractal.c */,
				3D5177110A3E4AA300C14735 /* rotate.c */,
				3D5177120A3E4AA300C14735 /* itersmall.c */,
				3D5177130A3E4AA300C14735 /* blur.c */,
				3D5177140A3E4AA300C14735 /* anti.c */,
				3D5177150A3E4AA300C14735 /* stereogram.c */,
				3D5177160A3E4AA300C14735 /* edge.c */,
				3D5177170A3E4AA300C14735 /* zoom.c */,
				3D5177180A3E4AA300C14735 /* star.c */,
				3D5177190A3E4AA300C14735 /* formulas.c */,
				3D51771A0A3E4AA300C14735 /* emboss.c */,
				3D51771B0A3E4AA300C14735 /* julia.c */,
				3D51771C0A3E4AA300C14735 /* btrace.c */,
				3D51771D0A3E4AA300C14735 /* i386.c */,
				3D51771E0A3E4AA300C14735 /* dither.c */,
				3D51771F0A3E4AA300C14735 /* 3d.c */,
				3D5177200A3E4AA300C14735 /* plane.c */,
			);
			name = engine;
			sourceTree = "<group>";
		};
		3D5177210A3E4AA300C14735 /* filter */ = {
			isa = PBXGroup;
			children = (
				3D5177220A3E4AA300C14735 /* filter.c */,
				3D5177230A3E4AA300C14735 /* palette.c */,
				3D5177240A3E4AA300C14735 /* random.c */,
				3D5177250A3E4AA300C14735 /* grlib.c */,
				3D5177260A3E4AA300C14735 /* font.c */,
				3D5177270A3E4AA300C14735 /* image.c */,
			);
			name = filter;
			sourceTree = "<group>";
		};
		3D5177280A3E4AA300C14735 /* ui */ = {
			isa = PBXGroup;
			children = (
				3D5177290A3E4AA300C14735 /* drivers.c */,
				3D51772A0A3E4AA300C14735 /* dialog.c */,
				3D51772B0A3E4AA300C14735 /* uihelp.c */,
				3D51772C0A3E4AA300C14735 /* uimenu.c */,
				3D51772D0A3E4AA300C14735 /* fparams.c */,
				3D51772E0A3E4AA300C14735 /* ui.c */,
				3D51772F0A3E4AA300C14735 /* param.c */,
				3D5177300A3E4AA300C14735 /* filesel.c */,
				3D5177310A3E4AA300C14735 /* pipecmd.c */,
			);
			name = ui;
			sourceTree = "<group>";
		};
		3D5177320A3E4AA300C14735 /* ui-hlp */ = {
			isa = PBXGroup;
			children = (
				3D5177330A3E4AA300C14735 /* save.c */,
				3D5177340A3E4AA300C14735 /* menu.c */,
				3D5177350A3E4AA300C14735 /* wstack.c */,
				3D5177360A3E4AA300C14735 /* playtext.c */,
				3D5177370A3E4AA300C14735 /* render.c */,
				3D5177380A3E4AA300C14735 /* play.c */,
				3D5177390A3E4AA300C14735 /* messg.c */,
				3D51773A0A3E4AA300C14735 /* ui_helper.c */,
				3D51773B0A3E4AA300C14735 /* autopilot.c */,
			);
			name = "ui-hlp";
			sourceTree = "<group>";
		};
		3D51773C0A3E4AA300C14735 /* util */ = {
			isa = PBXGroup;
			children = (
				D98E99C40D879CD300E32031 /* xstdio.c */,
				3D51773D0A3E4AA300C14735 /* xmenu.c */,
				3D51773E0A3E4AA300C14735 /* png.c */,
				3D51773F0A3E4AA300C14735 /* xstring.c */,
				3D5177400A3E4AA300C14735 /* xshl.c */,
				3D5177410A3E4AA300C14735 /* xldio.c */,
				3D5177420A3E4AA300C14735 /* help.c */,
				3D5177430A3E4AA300C14735 /* xerror.c */,
				3D5177440A3E4AA300C14735 /* thread.c */,
				3D5177450A3E4AA300C14735 /* timers.c */,
				3D5177460A3E4AA300C14735 /* be_thread.c */,
				3D5177480A3E4AA300C14735 /* catalog.c */,
			);
			name = util;
			sourceTree = "<group>";
		};
		3D573A9E0A42612F009A2F5F /* Documents */ = {
			isa = PBXGroup;
			children = (
				D96C309F0D84ED6900C9357A /* COPYING */,
				D96C309E0D84ECE900C9357A /* Read Me.rtf */,
				3D573A9F0A42613A009A2F5F /* ChangeLog.txt */,
				3DE4FE6A0A7AE0AE00491C86 /* HowToBuild.txt */,
			);
			name = Documents;
			sourceTree = "<group>";
		};
		D9218A100D81131400432768 /* sffe */ = {
			isa = PBXGroup;
			children = (
				D9218A120D81131400432768 /* asm */,
				D9218A170D81131400432768 /* sffe.c */,
				D9218A180D81131400432768 /* sffe_cmplx_asm.c */,
				D9218A190D81131400432768 /* sffe_cmplx_gsl.c */,
			);
			name = sffe;
			path = ../../../sffe;
			sourceTree = SOURCE_ROOT;
		};
		D9218A120D81131400432768 /* asm */ = {
			isa = PBXGroup;
			children = (
				D9218A150D81131400432768 /* cmplx.asm */,
			);
			path = asm;
			sourceTree = "<group>";
		};
		D936E87C0BFE756F0011C818 /* Embedded Frameworks and Libraries */ = {
			isa = PBXGroup;
			children = (
				D96C30270D83AF2800C9357A /* libgsl.dylib */,
				D9218A060D81124200432768 /* libpng.dylib */,
			);
			name = "Embedded Frameworks and Libraries";
			sourceTree = "<group>";
		};
/* End PBXGroup section */

/* Begin PBXNativeTarget section */
		8D0C4E890486CD37000505A6 /* XaoS */ = {
			isa = PBXNativeTarget;
			buildConfigurationList = C0E91AC508A95435008D54AB /* Build configuration list for PBXNativeTarget "XaoS" */;
			buildPhases = (
				3DB915E00AE2E50D00A3AF69 /* ShellScript */,
				8D0C4E8C0486CD37000505A6 /* Resources */,
				8D0C4E8F0486CD37000505A6 /* Sources */,
				8D0C4E910486CD37000505A6 /* Frameworks */,
				D9218A090D81128300432768 /* Copy Embedded Frameworks */,
				D96C30A50D84EDE200C9357A /* Copy Distribution Docs */,
				D98E9A530D87A4CB00E32031 /* ShellScript */,
			);
			buildRules = (
			);
			dependencies = (
			);
			name = XaoS;
			productInstallPath = "$(HOME)/Applications";
			productName = XaoS;
			productReference = 8D0C4E970486CD37000505A6 /* XaoS.app */;
			productType = "com.apple.product-type.application";
		};
/* End PBXNativeTarget section */

/* Begin PBXProject section */
		20286C28FDCF999611CA2CEA /* Project object */ = {
			isa = PBXProject;
			buildConfigurationList = C0E91AC908A95435008D54AB /* Build configuration list for PBXProject "XaoS" */;
			compatibilityVersion = "Xcode 2.4";
			hasScannedForEncodings = 1;
			mainGroup = 20286C29FDCF999611CA2CEA /* XaoS */;
			projectDirPath = "";
			projectRoot = "";
			targets = (
				8D0C4E890486CD37000505A6 /* XaoS */,
			);
		};
/* End PBXProject section */

/* Begin PBXResourcesBuildPhase section */
		8D0C4E8C0486CD37000505A6 /* Resources */ = {
			isa = PBXResourcesBuildPhase;
			buildActionMask = 2147483647;
			files = (
				8D0C4E8D0486CD37000505A6 /* InfoPlist.strings in Resources */,
				3D5738DF0A42373E009A2F5F /* XaoS.icns in Resources */,
			);
			runOnlyForDeploymentPostprocessing = 0;
		};
/* End PBXResourcesBuildPhase section */

/* Begin PBXShellScriptBuildPhase section */
		3DB915E00AE2E50D00A3AF69 /* ShellScript */ = {
			isa = PBXShellScriptBuildPhase;
			buildActionMask = 2147483647;
			files = (
			);
			inputPaths = (
			);
			outputPaths = (
			);
			runOnlyForDeploymentPostprocessing = 0;
			shellPath = /bin/sh;
			shellScript = "ln -sf $PROJECT_DIR/../../../include/config/config.autoconf $PROJECT_DIR/../../../include/config.h\n\ncp $PROJECT_DIR/thirdparty/lib/libpng.dylib $PROJECT_DIR/libpng.dylib\ninstall_name_tool -id @executable_path/../Frameworks/libintl.dylib $PROJECT_DIR/libintl.dylib\n\ncp $PROJECT_DIR/thirdparty/lib/libgsl.dylib $PROJECT_DIR/libgsl.dylib\ninstall_name_tool -id @executable_path/../Frameworks/libgsl.dylib $PROJECT_DIR/libgsl.dylib\n";
		};
		D98E9A530D87A4CB00E32031 /* ShellScript */ = {
			isa = PBXShellScriptBuildPhase;
			buildActionMask = 2147483647;
			files = (
			);
			inputPaths = (
			);
			outputPaths = (
			);
			runOnlyForDeploymentPostprocessing = 0;
			shellPath = /bin/sh;
			shellScript = "# Make resource subdirectories\nmkdir $BUILT_PRODUCTS_DIR/XaoS.app/Contents/Resources/tutorial\nmkdir $BUILT_PRODUCTS_DIR/XaoS.app/Contents/Resources/examples\nmkdir $BUILT_PRODUCTS_DIR/XaoS.app/Contents/Resources/catalogs\nmkdir $BUILT_PRODUCTS_DIR/XaoS.app/Contents/Resources/help\n\n# Copy resources from project source directories\ncp $PROJECT_DIR/../../../../tutorial/*.x[ah]f $BUILT_PRODUCTS_DIR/XaoS.app/Contents/Resources/tutorial\ncp $PROJECT_DIR/../../../../examples/*/*.x[ap]f $BUILT_PRODUCTS_DIR/XaoS.app/Contents/Resources/examples\ncp $PROJECT_DIR/../../../../catalogs/*.cat $BUILT_PRODUCTS_DIR/XaoS.app/Contents/Resources/catalogs\ncp $PROJECT_DIR/../../../../help/xaos.hlp $BUILT_PRODUCTS_DIR/XaoS.app/Contents/Resources/help";
		};
/* End PBXShellScriptBuildPhase section */

/* Begin PBXSourcesBuildPhase section */
		8D0C4E8F0486CD37000505A6 /* Sources */ = {
			isa = PBXSourcesBuildPhase;
			buildActionMask = 2147483647;
			files = (
				3D5177490A3E4AA300C14735 /* subwindow.c in Sources */,
				3D51774A0A3E4AA300C14735 /* palettef.c in Sources */,
				3D51774B0A3E4AA300C14735 /* interlace.c in Sources */,
				3D51774C0A3E4AA300C14735 /* edge2.c in Sources */,
				3D51774D0A3E4AA300C14735 /* fractal.c in Sources */,
				3D51774E0A3E4AA300C14735 /* rotate.c in Sources */,
				3D51774F0A3E4AA300C14735 /* itersmall.c in Sources */,
				3D5177500A3E4AA300C14735 /* blur.c in Sources */,
				3D5177510A3E4AA300C14735 /* anti.c in Sources */,
				3D5177520A3E4AA300C14735 /* stereogram.c in Sources */,
				3D5177530A3E4AA300C14735 /* edge.c in Sources */,
				3D5177540A3E4AA300C14735 /* zoom.c in Sources */,
				3D5177550A3E4AA300C14735 /* star.c in Sources */,
				3D5177560A3E4AA300C14735 /* formulas.c in Sources */,
				3D5177570A3E4AA300C14735 /* emboss.c in Sources */,
				3D5177580A3E4AA300C14735 /* julia.c in Sources */,
				3D5177590A3E4AA300C14735 /* btrace.c in Sources */,
				3D51775A0A3E4AA300C14735 /* i386.c in Sources */,
				3D51775B0A3E4AA300C14735 /* dither.c in Sources */,
				3D51775C0A3E4AA300C14735 /* 3d.c in Sources */,
				3D51775D0A3E4AA300C14735 /* plane.c in Sources */,
				3D51775E0A3E4AA300C14735 /* filter.c in Sources */,
				3D51775F0A3E4AA300C14735 /* palette.c in Sources */,
				3D5177600A3E4AA300C14735 /* random.c in Sources */,
				3D5177610A3E4AA300C14735 /* grlib.c in Sources */,
				3D5177620A3E4AA300C14735 /* font.c in Sources */,
				3D5177630A3E4AA300C14735 /* image.c in Sources */,
				3D5177640A3E4AA300C14735 /* drivers.c in Sources */,
				3D5177650A3E4AA300C14735 /* dialog.c in Sources */,
				3D5177660A3E4AA300C14735 /* uihelp.c in Sources */,
				3D5177670A3E4AA300C14735 /* uimenu.c in Sources */,
				3D5177680A3E4AA300C14735 /* fparams.c in Sources */,
				3D5177690A3E4AA300C14735 /* ui.c in Sources */,
				3D51776A0A3E4AA300C14735 /* param.c in Sources */,
				3D51776B0A3E4AA300C14735 /* filesel.c in Sources */,
				3D51776C0A3E4AA300C14735 /* pipecmd.c in Sources */,
				3D51776D0A3E4AA300C14735 /* save.c in Sources */,
				3D51776E0A3E4AA300C14735 /* menu.c in Sources */,
				3D51776F0A3E4AA300C14735 /* wstack.c in Sources */,
				3D5177700A3E4AA300C14735 /* playtext.c in Sources */,
				3D5177710A3E4AA300C14735 /* render.c in Sources */,
				3D5177720A3E4AA300C14735 /* play.c in Sources */,
				3D5177730A3E4AA300C14735 /* messg.c in Sources */,
				3D5177740A3E4AA300C14735 /* ui_helper.c in Sources */,
				3D5177750A3E4AA300C14735 /* autopilot.c in Sources */,
				3D5177760A3E4AA300C14735 /* xmenu.c in Sources */,
				3D5177770A3E4AA300C14735 /* png.c in Sources */,
				3D5177780A3E4AA300C14735 /* xstring.c in Sources */,
				3D5177790A3E4AA300C14735 /* xshl.c in Sources */,
				3D51777A0A3E4AA300C14735 /* xldio.c in Sources */,
				3D51777B0A3E4AA300C14735 /* help.c in Sources */,
				3D51777C0A3E4AA300C14735 /* xerror.c in Sources */,
				3D51777D0A3E4AA300C14735 /* thread.c in Sources */,
				3D51777E0A3E4AA300C14735 /* timers.c in Sources */,
				3D51777F0A3E4AA300C14735 /* be_thread.c in Sources */,
				3D5177810A3E4AA300C14735 /* catalog.c in Sources */,
				3D5177870A3E4ADF00C14735 /* ui_osx.c in Sources */,
				3DF0013C0A3F992C007A00AB /* osxevents.c in Sources */,
				3DF002E60A40ED0E007A00AB /* osxmenus.c in Sources */,
				D9218A1D0D81131400432768 /* cmplx.asm in Sources */,
				D9218A1F0D81131400432768 /* sffe.c in Sources */,
				D9218A200D81131400432768 /* sffe_cmplx_asm.c in Sources */,
				D9218A210D81131400432768 /* sffe_cmplx_gsl.c in Sources */,
				D98E99C50D879CD300E32031 /* xstdio.c in Sources */,
			);
			runOnlyForDeploymentPostprocessing = 0;
		};
/* End PBXSourcesBuildPhase section */

/* Begin PBXVariantGroup section */
		0867D6AAFE840B52C02AAC07 /* InfoPlist.strings */ = {
			isa = PBXVariantGroup;
			children = (
				0867D6ABFE840B52C02AAC07 /* English */,
			);
			name = InfoPlist.strings;
			sourceTree = "<group>";
		};
/* End PBXVariantGroup section */

/* Begin XCBuildConfiguration section */
		C0E91AC608A95435008D54AB /* Debug */ = {
			isa = XCBuildConfiguration;
			buildSettings = {
				COPY_PHASE_STRIP = NO;
				FRAMEWORK_SEARCH_PATHS = (
					"$(inherited)",
					"$(FRAMEWORK_SEARCH_PATHS_QUOTED_1)",
				);
				FRAMEWORK_SEARCH_PATHS_QUOTED_1 = "\"$(SRCROOT)\"";
				GCC_DYNAMIC_NO_PIC = NO;
				GCC_ENABLE_FIX_AND_CONTINUE = YES;
				GCC_MODEL_TUNING = G5;
				GCC_OPTIMIZATION_LEVEL = 3;
				GCC_PRECOMPILE_PREFIX_HEADER = YES;
				GCC_PREFIX_HEADER = XaoS_Prefix.pch;
				INFOPLIST_FILE = Info.plist;
				INSTALL_PATH = "$(HOME)/Applications";
				LIBRARY_SEARCH_PATHS = (
					"$(inherited)",
					/opt/local/lib,
					"$(LIBRARY_SEARCH_PATHS_QUOTED_1)",
					"$(LIBRARY_SEARCH_PATHS_QUOTED_2)",
					"$(LIBRARY_SEARCH_PATHS_QUOTED_3)",
					"$(LIBRARY_SEARCH_PATHS_QUOTED_4)",
					"$(LIBRARY_SEARCH_PATHS_QUOTED_FOR_TARGET_1)",
					"$(LIBRARY_SEARCH_PATHS_QUOTED_FOR_TARGET_2)",
					"$(LIBRARY_SEARCH_PATHS_QUOTED_FOR_TARGET_3)",
				);
				LIBRARY_SEARCH_PATHS_QUOTED_1 = "\"$(SRCROOT)\"";
				LIBRARY_SEARCH_PATHS_QUOTED_2 = "\"$(SRCROOT)/thirdparty/lib\"";
				LIBRARY_SEARCH_PATHS_QUOTED_3 = "\"$(SRCROOT)\"";
				LIBRARY_SEARCH_PATHS_QUOTED_4 = "\"$(SRCROOT)/thirdparty/lib\"";
				LIBRARY_SEARCH_PATHS_QUOTED_FOR_TARGET_1 = "\"$(SRCROOT)\"";
				LIBRARY_SEARCH_PATHS_QUOTED_FOR_TARGET_2 = "\"$(SRCROOT)/../../../../../../../../Libraries/Unix/gsl/lib\"";
				LIBRARY_SEARCH_PATHS_QUOTED_FOR_TARGET_3 = "\"$(SRCROOT)\"";
				PRODUCT_NAME = XaoS;
				WRAPPER_EXTENSION = app;
				ZERO_LINK = YES;
			};
			name = Debug;
		};
		C0E91AC708A95435008D54AB /* Release */ = {
			isa = XCBuildConfiguration;
			buildSettings = {
				ARCHS = (
					ppc,
					i386,
				);
				FRAMEWORK_SEARCH_PATHS = (
					"$(inherited)",
					"$(FRAMEWORK_SEARCH_PATHS_QUOTED_1)",
				);
				FRAMEWORK_SEARCH_PATHS_QUOTED_1 = "\"$(SRCROOT)\"";
				GCC_GENERATE_DEBUGGING_SYMBOLS = NO;
				GCC_MODEL_TUNING = G5;
				GCC_OPTIMIZATION_LEVEL = 3;
				GCC_PRECOMPILE_PREFIX_HEADER = YES;
				GCC_PREFIX_HEADER = XaoS_Prefix.pch;
				INFOPLIST_FILE = Info.plist;
				INSTALL_PATH = "$(HOME)/Applications";
				LIBRARY_SEARCH_PATHS = (
					"$(inherited)",
					/opt/local/lib,
					"$(LIBRARY_SEARCH_PATHS_QUOTED_1)",
					"$(LIBRARY_SEARCH_PATHS_QUOTED_2)",
					"$(LIBRARY_SEARCH_PATHS_QUOTED_3)",
					"$(LIBRARY_SEARCH_PATHS_QUOTED_4)",
					"$(LIBRARY_SEARCH_PATHS_QUOTED_FOR_TARGET_1)",
					"$(LIBRARY_SEARCH_PATHS_QUOTED_FOR_TARGET_2)",
					"$(LIBRARY_SEARCH_PATHS_QUOTED_FOR_TARGET_3)",
				);
				LIBRARY_SEARCH_PATHS_QUOTED_1 = "\"$(SRCROOT)\"";
				LIBRARY_SEARCH_PATHS_QUOTED_2 = "\"$(SRCROOT)/thirdparty/lib\"";
				LIBRARY_SEARCH_PATHS_QUOTED_3 = "\"$(SRCROOT)\"";
				LIBRARY_SEARCH_PATHS_QUOTED_4 = "\"$(SRCROOT)/thirdparty/lib\"";
				LIBRARY_SEARCH_PATHS_QUOTED_FOR_TARGET_1 = "\"$(SRCROOT)\"";
				LIBRARY_SEARCH_PATHS_QUOTED_FOR_TARGET_2 = "\"$(SRCROOT)/../../../../../../../../Libraries/Unix/gsl/lib\"";
				LIBRARY_SEARCH_PATHS_QUOTED_FOR_TARGET_3 = "\"$(SRCROOT)\"";
				PRODUCT_NAME = XaoS;
				WRAPPER_EXTENSION = app;
			};
			name = Release;
		};
		C0E91ACA08A95435008D54AB /* Debug */ = {
			isa = XCBuildConfiguration;
			buildSettings = {
				ARCHS = (
					ppc,
					i386,
				);
				GCC_WARN_ABOUT_RETURN_TYPE = YES;
				GCC_WARN_UNUSED_VARIABLE = YES;
				HEADER_SEARCH_PATHS = ./thirdparty/include;
				PREBINDING = NO;
				SDKROOT = /Developer/SDKs/MacOSX10.4u.sdk;
				USER_HEADER_SEARCH_PATHS = ../../../include;
			};
			name = Debug;
		};
		C0E91ACB08A95435008D54AB /* Release */ = {
			isa = XCBuildConfiguration;
			buildSettings = {
				ARCHS = (
					ppc,
					i386,
				);
				GCC_WARN_ABOUT_RETURN_TYPE = YES;
				GCC_WARN_UNUSED_VARIABLE = YES;
				HEADER_SEARCH_PATHS = ./thirdparty/include;
				PREBINDING = NO;
				SDKROOT = /Developer/SDKs/MacOSX10.4u.sdk;
				USER_HEADER_SEARCH_PATHS = ../../../include;
			};
			name = Release;
		};
/* End XCBuildConfiguration section */

/* Begin XCConfigurationList section */
		C0E91AC508A95435008D54AB /* Build configuration list for PBXNativeTarget "XaoS" */ = {
			isa = XCConfigurationList;
			buildConfigurations = (
				C0E91AC608A95435008D54AB /* Debug */,
				C0E91AC708A95435008D54AB /* Release */,
			);
			defaultConfigurationIsVisible = 0;
			defaultConfigurationName = Release;
		};
		C0E91AC908A95435008D54AB /* Build configuration list for PBXProject "XaoS" */ = {
			isa = XCConfigurationList;
			buildConfigurations = (
				C0E91ACA08A95435008D54AB /* Debug */,
				C0E91ACB08A95435008D54AB /* Release */,
			);
			defaultConfigurationIsVisible = 0;
			defaultConfigurationName = Release;
		};
/* End XCConfigurationList section */
	};
	rootObject = 20286C28FDCF999611CA2CEA /* Project object */;
}
